// !$*UTF8*$!
{
	archiveVersion = 1;
	classes = {
	};
	objectVersion = 55;
	objects = {

/* Begin PBXBuildFile section */
		6CA13AF62741ED8800A1A0CD /* main.swift in Sources */ = {isa = PBXBuildFile; fileRef = 6CA13AF52741ED8800A1A0CD /* main.swift */; };
		6CA13AFD2741FBB700A1A0CD /* 연습 문제 1.swift in Sources */ = {isa = PBXBuildFile; fileRef = 6CA13AFC2741FBB700A1A0CD /* 연습 문제 1.swift */; };
		6CA13AFF2741FC0800A1A0CD /* 연습 문제 2.swift in Sources */ = {isa = PBXBuildFile; fileRef = 6CA13AFE2741FC0800A1A0CD /* 연습 문제 2.swift */; };
		6CA13B012742222F00A1A0CD /* 연습 문제 3.swift in Sources */ = {isa = PBXBuildFile; fileRef = 6CA13B002742222F00A1A0CD /* 연습 문제 3.swift */; };
/* End PBXBuildFile section */

/* Begin PBXCopyFilesBuildPhase section */
		6CA13AF02741ED8800A1A0CD /* CopyFiles */ = {
			isa = PBXCopyFilesBuildPhase;
			buildActionMask = 2147483647;
			dstPath = /usr/share/man/man1/;
			dstSubfolderSpec = 0;
			files = (
			);
			runOnlyForDeploymentPostprocessing = 1;
		};
/* End PBXCopyFilesBuildPhase section */

/* Begin PBXFileReference section */
		6CA13AF22741ED8800A1A0CD /* week3Mon */ = {isa = PBXFileReference; explicitFileType = "compiled.mach-o.executable"; includeInIndex = 0; path = week3Mon; sourceTree = BUILT_PRODUCTS_DIR; };
		6CA13AF52741ED8800A1A0CD /* main.swift */ = {isa = PBXFileReference; lastKnownFileType = sourcecode.swift; path = main.swift; sourceTree = "<group>"; };
		6CA13AFC2741FBB700A1A0CD /* 연습 문제 1.swift */ = {isa = PBXFileReference; lastKnownFileType = sourcecode.swift; path = "연습 문제 1.swift"; sourceTree = "<group>"; };
		6CA13AFE2741FC0800A1A0CD /* 연습 문제 2.swift */ = {isa = PBXFileReference; lastKnownFileType = sourcecode.swift; path = "연습 문제 2.swift"; sourceTree = "<group>"; };
		6CA13B002742222F00A1A0CD /* 연습 문제 3.swift */ = {isa = PBXFileReference; lastKnownFileType = sourcecode.swift; path = "연습 문제 3.swift"; sourceTree = "<group>"; };
/* End PBXFileReference section */

/* Begin PBXFrameworksBuildPhase section */
		6CA13AEF2741ED8800A1A0CD /* Frameworks */ = {
			isa = PBXFrameworksBuildPhase;
			buildActionMask = 2147483647;
			files = (
			);
			runOnlyForDeploymentPostprocessing = 0;
		};
/* End PBXFrameworksBuildPhase section */

/* Begin PBXGroup section */
		6CA13AE92741ED8800A1A0CD = {
			isa = PBXGroup;
			children = (
				6CA13AF42741ED8800A1A0CD /* week3Mon */,
				6CA13AF32741ED8800A1A0CD /* Products */,
			);
			sourceTree = "<group>";
		};
		6CA13AF32741ED8800A1A0CD /* Products */ = {
			isa = PBXGroup;
			children = (
				6CA13AF22741ED8800A1A0CD /* week3Mon */,
			);
			name = Products;
			sourceTree = "<group>";
		};
		6CA13AF42741ED8800A1A0CD /* week3Mon */ = {
			isa = PBXGroup;
			children = (
				6CA13AF52741ED8800A1A0CD /* main.swift */,
				6CA13AFE2741FC0800A1A0CD /* 연습 문제 2.swift */,
				6CA13B002742222F00A1A0CD /* 연습 문제 3.swift */,
				6CA13AFC2741FBB700A1A0CD /* 연습 문제 1.swift */,
			);
			path = week3Mon;
			sourceTree = "<group>";
		};
/* End PBXGroup section */

/* Begin PBXNativeTarget section */
		6CA13AF12741ED8800A1A0CD /* week3Mon */ = {
			isa = PBXNativeTarget;
			buildConfigurationList = 6CA13AF92741ED8800A1A0CD /* Build configuration list for PBXNativeTarget "week3Mon" */;
			buildPhases = (
				6CA13AEE2741ED8800A1A0CD /* Sources */,
				6CA13AEF2741ED8800A1A0CD /* Frameworks */,
				6CA13AF02741ED8800A1A0CD /* CopyFiles */,
			);
			buildRules = (
			);
			dependencies = (
			);
			name = week3Mon;
			productName = week3Mon;
			productReference = 6CA13AF22741ED8800A1A0CD /* week3Mon */;
			productType = "com.apple.product-type.tool";
		};
/* End PBXNativeTarget section */

/* Begin PBXProject section */
		6CA13AEA2741ED8800A1A0CD /* Project object */ = {
			isa = PBXProject;
			attributes = {
				BuildIndependentTargetsInParallel = 1;
				LastSwiftUpdateCheck = 1310;
				LastUpgradeCheck = 1310;
				TargetAttributes = {
					6CA13AF12741ED8800A1A0CD = {
						CreatedOnToolsVersion = 13.1;
					};
				};
			};
			buildConfigurationList = 6CA13AED2741ED8800A1A0CD /* Build configuration list for PBXProject "week3Mon" */;
			compatibilityVersion = "Xcode 13.0";
			developmentRegion = en;
			hasScannedForEncodings = 0;
			knownRegions = (
				en,
				Base,
			);
			mainGroup = 6CA13AE92741ED8800A1A0CD;
			productRefGroup = 6CA13AF32741ED8800A1A0CD /* Products */;
			projectDirPath = "";
			projectRoot = "";
			targets = (
				6CA13AF12741ED8800A1A0CD /* week3Mon */,
			);
		};
/* End PBXProject section */

/* Begin PBXSourcesBuildPhase section */
		6CA13AEE2741ED8800A1A0CD /* Sources */ = {
			isa = PBXSourcesBuildPhase;
			buildActionMask = 2147483647;
			files = (
				6CA13B012742222F00A1A0CD /* 연습 문제 3.swift in Sources */,
				6CA13AFF2741FC0800A1A0CD /* 연습 문제 2.swift in Sources */,
				6CA13AFD2741FBB700A1A0CD /* 연습 문제 1.swift in Sources */,
				6CA13AF62741ED8800A1A0CD /* main.swift in Sources */,
			);
			runOnlyForDeploymentPostprocessing = 0;
		};
/* End PBXSourcesBuildPhase section */

/* Begin XCBuildConfiguration section */
		6CA13AF72741ED8800A1A0CD /* Debug */ = {
			isa = XCBuildConfiguration;
			buildSettings = {
				ALWAYS_SEARCH_USER_PATHS = NO;
				CLANG_ANALYZER_NONNULL = YES;
				CLANG_ANALYZER_NUMBER_OBJECT_CONVERSION = YES_AGGRESSIVE;
				CLANG_CXX_LANGUAGE_STANDARD = "gnu++17";
				CLANG_CXX_LIBRARY = "libc++";
				CLANG_ENABLE_MODULES = YES;
				CLANG_ENABLE_OBJC_ARC = YES;
				CLANG_ENABLE_OBJC_WEAK = YES;
				CLANG_WARN_BLOCK_CAPTURE_AUTORELEASING = YES;
				CLANG_WARN_BOOL_CONVERSION = YES;
				CLANG_WARN_COMMA = YES;
				CLANG_WARN_CONSTANT_CONVERSION = YES;
				CLANG_WARN_DEPRECATED_OBJC_IMPLEMENTATIONS = YES;
				CLANG_WARN_DIRECT_OBJC_ISA_USAGE = YES_ERROR;
				CLANG_WARN_DOCUMENTATION_COMMENTS = YES;
				CLANG_WARN_EMPTY_BODY = YES;
				CLANG_WARN_ENUM_CONVERSION = YES;
				CLANG_WARN_INFINITE_RECURSION = YES;
				CLANG_WARN_INT_CONVERSION = YES;
				CLANG_WARN_NON_LITERAL_NULL_CONVERSION = YES;
				CLANG_WARN_OBJC_IMPLICIT_RETAIN_SELF = YES;
				CLANG_WARN_OBJC_LITERAL_CONVERSION = YES;
				CLANG_WARN_OBJC_ROOT_CLASS = YES_ERROR;
				CLANG_WARN_QUOTED_INCLUDE_IN_FRAMEWORK_HEADER = YES;
				CLANG_WARN_RANGE_LOOP_ANALYSIS = YES;
				CLANG_WARN_STRICT_PROTOTYPES = YES;
				CLANG_WARN_SUSPICIOUS_MOVE = YES;
				CLANG_WARN_UNGUARDED_AVAILABILITY = YES_AGGRESSIVE;
				CLANG_WARN_UNREACHABLE_CODE = YES;
				CLANG_WARN__DUPLICATE_METHOD_MATCH = YES;
				COPY_PHASE_STRIP = NO;
				DEBUG_INFORMATION_FORMAT = dwarf;
				ENABLE_STRICT_OBJC_MSGSEND = YES;
				ENABLE_TESTABILITY = YES;
				GCC_C_LANGUAGE_STANDARD = gnu11;
				GCC_DYNAMIC_NO_PIC = NO;
				GCC_NO_COMMON_BLOCKS = YES;
				GCC_OPTIMIZATION_LEVEL = 0;
				GCC_PREPROCESSOR_DEFINITIONS = (
					"DEBUG=1",
					"$(inherited)",
				);
				GCC_WARN_64_TO_32_BIT_CONVERSION = YES;
				GCC_WARN_ABOUT_RETURN_TYPE = YES_ERROR;
				GCC_WARN_UNDECLARED_SELECTOR = YES;
				GCC_WARN_UNINITIALIZED_AUTOS = YES_AGGRESSIVE;
				GCC_WARN_UNUSED_FUNCTION = YES;
				GCC_WARN_UNUSED_VARIABLE = YES;
				MACOSX_DEPLOYMENT_TARGET = 12.0;
				MTL_ENABLE_DEBUG_INFO = INCLUDE_SOURCE;
				MTL_FAST_MATH = YES;
				ONLY_ACTIVE_ARCH = YES;
				SDKROOT = macosx;
				SWIFT_ACTIVE_COMPILATION_CONDITIONS = DEBUG;
				SWIFT_OPTIMIZATION_LEVEL = "-Onone";
			};
			name = Debug;
		};
		6CA13AF82741ED8800A1A0CD /* Release */ = {
			isa = XCBuildConfiguration;
			buildSettings = {
				ALWAYS_SEARCH_USER_PATHS = NO;
				CLANG_ANALYZER_NONNULL = YES;
				CLANG_ANALYZER_NUMBER_OBJECT_CONVERSION = YES_AGGRESSIVE;
				CLANG_CXX_LANGUAGE_STANDARD = "gnu++17";
				CLANG_CXX_LIBRARY = "libc++";
				CLANG_ENABLE_MODULES = YES;
				CLANG_ENABLE_OBJC_ARC = YES;
				CLANG_ENABLE_OBJC_WEAK = YES;
				CLANG_WARN_BLOCK_CAPTURE_AUTORELEASING = YES;
				CLANG_WARN_BOOL_CONVERSION = YES;
				CLANG_WARN_COMMA = YES;
				CLANG_WARN_CONSTANT_CONVERSION = YES;
				CLANG_WARN_DEPRECATED_OBJC_IMPLEMENTATIONS = YES;
				CLANG_WARN_DIRECT_OBJC_ISA_USAGE = YES_ERROR;
				CLANG_WARN_DOCUMENTATION_COMMENTS = YES;
				CLANG_WARN_EMPTY_BODY = YES;
				CLANG_WARN_ENUM_CONVERSION = YES;
				CLANG_WARN_INFINITE_RECURSION = YES;
				CLANG_WARN_INT_CONVERSION = YES;
				CLANG_WARN_NON_LITERAL_NULL_CONVERSION = YES;
				CLANG_WARN_OBJC_IMPLICIT_RETAIN_SELF = YES;
				CLANG_WARN_OBJC_LITERAL_CONVERSION = YES;
				CLANG_WARN_OBJC_ROOT_CLASS = YES_ERROR;
				CLANG_WARN_QUOTED_INCLUDE_IN_FRAMEWORK_HEADER = YES;
				CLANG_WARN_RANGE_LOOP_ANALYSIS = YES;
				CLANG_WARN_STRICT_PROTOTYPES = YES;
				CLANG_WARN_SUSPICIOUS_MOVE = YES;
				CLANG_WARN_UNGUARDED_AVAILABILITY = YES_AGGRESSIVE;
				CLANG_WARN_UNREACHABLE_CODE = YES;
				CLANG_WARN__DUPLICATE_METHOD_MATCH = YES;
				COPY_PHASE_STRIP = NO;
				DEBUG_INFORMATION_FORMAT = "dwarf-with-dsym";
				ENABLE_NS_ASSERTIONS = NO;
				ENABLE_STRICT_OBJC_MSGSEND = YES;
				GCC_C_LANGUAGE_STANDARD = gnu11;
				GCC_NO_COMMON_BLOCKS = YES;
				GCC_WARN_64_TO_32_BIT_CONVERSION = YES;
				GCC_WARN_ABOUT_RETURN_TYPE = YES_ERROR;
				GCC_WARN_UNDECLARED_SELECTOR = YES;
				GCC_WARN_UNINITIALIZED_AUTOS = YES_AGGRESSIVE;
				GCC_WARN_UNUSED_FUNCTION = YES;
				GCC_WARN_UNUSED_VARIABLE = YES;
				MACOSX_DEPLOYMENT_TARGET = 12.0;
				MTL_ENABLE_DEBUG_INFO = NO;
				MTL_FAST_MATH = YES;
				SDKROOT = macosx;
				SWIFT_COMPILATION_MODE = wholemodule;
				SWIFT_OPTIMIZATION_LEVEL = "-O";
			};
			name = Release;
		};
		6CA13AFA2741ED8800A1A0CD /* Debug */ = {
			isa = XCBuildConfiguration;
			buildSettings = {
				CODE_SIGN_STYLE = Automatic;
				DEVELOPMENT_TEAM = 8ZQU3Y88G8;
				ENABLE_HARDENED_RUNTIME = YES;
				PRODUCT_NAME = "$(TARGET_NAME)";
				SWIFT_VERSION = 5.0;
			};
			name = Debug;
		};
		6CA13AFB2741ED8800A1A0CD /* Release */ = {
			isa = XCBuildConfiguration;
			buildSettings = {
				CODE_SIGN_STYLE = Automatic;
				DEVELOPMENT_TEAM = 8ZQU3Y88G8;
				ENABLE_HARDENED_RUNTIME = YES;
				PRODUCT_NAME = "$(TARGET_NAME)";
				SWIFT_VERSION = 5.0;
			};
			name = Release;
		};
/* End XCBuildConfiguration section */

/* Begin XCConfigurationList section */
		6CA13AED2741ED8800A1A0CD /* Build configuration list for PBXProject "week3Mon" */ = {
			isa = XCConfigurationList;
			buildConfigurations = (
				6CA13AF72741ED8800A1A0CD /* Debug */,
				6CA13AF82741ED8800A1A0CD /* Release */,
			);
			defaultConfigurationIsVisible = 0;
			defaultConfigurationName = Release;
		};
		6CA13AF92741ED8800A1A0CD /* Build configuration list for PBXNativeTarget "week3Mon" */ = {
			isa = XCConfigurationList;
			buildConfigurations = (
				6CA13AFA2741ED8800A1A0CD /* Debug */,
				6CA13AFB2741ED8800A1A0CD /* Release */,
			);
			defaultConfigurationIsVisible = 0;
			defaultConfigurationName = Release;
		};
/* End XCConfigurationList section */
	};
	rootObject = 6CA13AEA2741ED8800A1A0CD /* Project object */;
}
